
Microsoft Visual Studio Solution File, Format Version 12.00
# Visual Studio Version 17
VisualStudioVersion = 17.11.35312.102
MinimumVisualStudioVersion = 10.0.40219.1
Project("{FAE04EC0-301F-11D3-BF4B-00C04F79EFBC}") = "ungdungweb", "ungdungweb\ungdungweb.csproj", "{6DB89685-7E05-4F80-B732-7E1C1B6F1D0F}"
EndProject
Global
	GlobalSection(SolutionConfigurationPlatforms) = preSolution
		Debug|Any CPU = Debug|Any CPU
		Release|Any CPU = Release|Any CPU
	EndGlobalSection
	GlobalSection(ProjectConfigurationPlatforms) = postSolution
		{6DB89685-7E05-4F80-B732-7E1C1B6F1D0F}.Debug|Any CPU.ActiveCfg = Debug|Any CPU
		{6DB89685-7E05-4F80-B732-7E1C1B6F1D0F}.Debug|Any CPU.Build.0 = Debug|Any CPU
		{6DB89685-7E05-4F80-B732-7E1C1B6F1D0F}.Release|Any CPU.ActiveCfg = Release|Any CPU
		{6DB89685-7E05-4F80-B732-7E1C1B6F1D0F}.Release|Any CPU.Build.0 = Release|Any CPU
	EndGlobalSection
	GlobalSection(SolutionProperties) = preSolution
		HideSolutionNode = FALSE
	EndGlobalSection
	GlobalSection(ExtensibilityGlobals) = postSolution
		SolutionGuid = {E00F4F57-B891-4E2D-A446-503CECBAEE26}
	EndGlobalSection
EndGlobal
